PODS:
  - uiview-frame-helpers (0.1.1)

DEPENDENCIES:
  - uiview-frame-helpers (= 0.1.1)

SPEC REPOS:
  https://github.com/cocoapods/specs.git:
    - uiview-frame-helpers

SPEC CHECKSUMS:
  uiview-frame-helpers: c3feade603cca5c805dd857e64692c7e7e01d5ec

PODFILE CHECKSUM: f3c49cd2ca7610e6b29e165a82914ecc7a75ddf0

COCOAPODS: 1.5.3
